
Microsoft Visual Studio Solution File, Format Version 12.00
# Visual Studio Version 17
VisualStudioVersion = 17.8.0.0
MinimumVisualStudioVersion = 17.8.0.0
Project("{9A19103F-16F7-4668-BE54-9A1E7A4F7556}") = "PGPartialSearch.AppHost", "PGPartialSearch.AppHost\PGPartialSearch.AppHost.csproj", "{578650F2-9522-4825-B4C0-9289A254315D}"
EndProject
Project("{9A19103F-16F7-4668-BE54-9A1E7A4F7556}") = "PGPartialSearch.ServiceDefaults", "PGPartialSearch.ServiceDefaults\PGPartialSearch.ServiceDefaults.csproj", "{356B9229-B759-45F3-A74E-D704EAC7088C}"
EndProject
Project("{9A19103F-16F7-4668-BE54-9A1E7A4F7556}") = "PGPartialSearch.ApiService", "PGPartialSearch.ApiService\PGPartialSearch.ApiService.csproj", "{0835E0E2-A126-452C-A660-B9EF9D504538}"
EndProject
Project("{FAE04EC0-301F-11D3-BF4B-00C04F79EFBC}") = "PGPartialSearch.ApiService.Tests", "PGPartialSearch.ApiService.Tests\PGPartialSearch.ApiService.Tests.csproj", "{0DE25CA9-1F5E-492F-AD59-C67146772013}"
EndProject
Global
	GlobalSection(SolutionConfigurationPlatforms) = preSolution
		Debug|Any CPU = Debug|Any CPU
		Debug|x64 = Debug|x64
		Debug|x86 = Debug|x86
		Release|Any CPU = Release|Any CPU
		Release|x64 = Release|x64
		Release|x86 = Release|x86
	EndGlobalSection
	GlobalSection(ProjectConfigurationPlatforms) = postSolution
		{578650F2-9522-4825-B4C0-9289A254315D}.Debug|Any CPU.ActiveCfg = Debug|Any CPU
		{578650F2-9522-4825-B4C0-9289A254315D}.Debug|Any CPU.Build.0 = Debug|Any CPU
		{578650F2-9522-4825-B4C0-9289A254315D}.Debug|x64.ActiveCfg = Debug|Any CPU
		{578650F2-9522-4825-B4C0-9289A254315D}.Debug|x64.Build.0 = Debug|Any CPU
		{578650F2-9522-4825-B4C0-9289A254315D}.Debug|x86.ActiveCfg = Debug|Any CPU
		{578650F2-9522-4825-B4C0-9289A254315D}.Debug|x86.Build.0 = Debug|Any CPU
		{578650F2-9522-4825-B4C0-9289A254315D}.Release|Any CPU.ActiveCfg = Release|Any CPU
		{578650F2-9522-4825-B4C0-9289A254315D}.Release|Any CPU.Build.0 = Release|Any CPU
		{578650F2-9522-4825-B4C0-9289A254315D}.Release|x64.ActiveCfg = Release|Any CPU
		{578650F2-9522-4825-B4C0-9289A254315D}.Release|x64.Build.0 = Release|Any CPU
		{578650F2-9522-4825-B4C0-9289A254315D}.Release|x86.ActiveCfg = Release|Any CPU
		{578650F2-9522-4825-B4C0-9289A254315D}.Release|x86.Build.0 = Release|Any CPU
		{356B9229-B759-45F3-A74E-D704EAC7088C}.Debug|Any CPU.ActiveCfg = Debug|Any CPU
		{356B9229-B759-45F3-A74E-D704EAC7088C}.Debug|Any CPU.Build.0 = Debug|Any CPU
		{356B9229-B759-45F3-A74E-D704EAC7088C}.Debug|x64.ActiveCfg = Debug|Any CPU
		{356B9229-B759-45F3-A74E-D704EAC7088C}.Debug|x64.Build.0 = Debug|Any CPU
		{356B9229-B759-45F3-A74E-D704EAC7088C}.Debug|x86.ActiveCfg = Debug|Any CPU
		{356B9229-B759-45F3-A74E-D704EAC7088C}.Debug|x86.Build.0 = Debug|Any CPU
		{356B9229-B759-45F3-A74E-D704EAC7088C}.Release|Any CPU.ActiveCfg = Release|Any CPU
		{356B9229-B759-45F3-A74E-D704EAC7088C}.Release|Any CPU.Build.0 = Release|Any CPU
		{356B9229-B759-45F3-A74E-D704EAC7088C}.Release|x64.ActiveCfg = Release|Any CPU
		{356B9229-B759-45F3-A74E-D704EAC7088C}.Release|x64.Build.0 = Release|Any CPU
		{356B9229-B759-45F3-A74E-D704EAC7088C}.Release|x86.ActiveCfg = Release|Any CPU
		{356B9229-B759-45F3-A74E-D704EAC7088C}.Release|x86.Build.0 = Release|Any CPU
		{0835E0E2-A126-452C-A660-B9EF9D504538}.Debug|Any CPU.ActiveCfg = Debug|Any CPU
		{0835E0E2-A126-452C-A660-B9EF9D504538}.Debug|Any CPU.Build.0 = Debug|Any CPU
		{0835E0E2-A126-452C-A660-B9EF9D504538}.Debug|x64.ActiveCfg = Debug|Any CPU
		{0835E0E2-A126-452C-A660-B9EF9D504538}.Debug|x64.Build.0 = Debug|Any CPU
		{0835E0E2-A126-452C-A660-B9EF9D504538}.Debug|x86.ActiveCfg = Debug|Any CPU
		{0835E0E2-A126-452C-A660-B9EF9D504538}.Debug|x86.Build.0 = Debug|Any CPU
		{0835E0E2-A126-452C-A660-B9EF9D504538}.Release|Any CPU.ActiveCfg = Release|Any CPU
		{0835E0E2-A126-452C-A660-B9EF9D504538}.Release|Any CPU.Build.0 = Release|Any CPU
		{0835E0E2-A126-452C-A660-B9EF9D504538}.Release|x64.ActiveCfg = Release|Any CPU
		{0835E0E2-A126-452C-A660-B9EF9D504538}.Release|x64.Build.0 = Release|Any CPU
		{0835E0E2-A126-452C-A660-B9EF9D504538}.Release|x86.ActiveCfg = Release|Any CPU
		{0835E0E2-A126-452C-A660-B9EF9D504538}.Release|x86.Build.0 = Release|Any CPU
		{0DE25CA9-1F5E-492F-AD59-C67146772013}.Debug|Any CPU.ActiveCfg = Debug|Any CPU
		{0DE25CA9-1F5E-492F-AD59-C67146772013}.Debug|Any CPU.Build.0 = Debug|Any CPU
		{0DE25CA9-1F5E-492F-AD59-C67146772013}.Debug|x64.ActiveCfg = Debug|Any CPU
		{0DE25CA9-1F5E-492F-AD59-C67146772013}.Debug|x64.Build.0 = Debug|Any CPU
		{0DE25CA9-1F5E-492F-AD59-C67146772013}.Debug|x86.ActiveCfg = Debug|Any CPU
		{0DE25CA9-1F5E-492F-AD59-C67146772013}.Debug|x86.Build.0 = Debug|Any CPU
		{0DE25CA9-1F5E-492F-AD59-C67146772013}.Release|Any CPU.ActiveCfg = Release|Any CPU
		{0DE25CA9-1F5E-492F-AD59-C67146772013}.Release|Any CPU.Build.0 = Release|Any CPU
		{0DE25CA9-1F5E-492F-AD59-C67146772013}.Release|x64.ActiveCfg = Release|Any CPU
		{0DE25CA9-1F5E-492F-AD59-C67146772013}.Release|x64.Build.0 = Release|Any CPU
		{0DE25CA9-1F5E-492F-AD59-C67146772013}.Release|x86.ActiveCfg = Release|Any CPU
		{0DE25CA9-1F5E-492F-AD59-C67146772013}.Release|x86.Build.0 = Release|Any CPU
	EndGlobalSection
	GlobalSection(SolutionProperties) = preSolution
		HideSolutionNode = FALSE
	EndGlobalSection
	GlobalSection(ExtensibilityGlobals) = postSolution
		SolutionGuid = {23E39C60-2426-4B0F-AA44-E517389D07E8}
	EndGlobalSection
EndGlobal
